
Microsoft Visual Studio Solution File, Format Version 12.00
# Visual Studio Version 17
VisualStudioVersion = 17.0.31903.59
MinimumVisualStudioVersion = 10.0.40219.1
Project("{2150E333-8FDC-42A3-9474-1A3956D46DE8}") = "UI", "UI", "{0152F42C-78DA-4998-8E01-20FF81592DFC}"
EndProject
Project("{2150E333-8FDC-42A3-9474-1A3956D46DE8}") = "API", "API", "{4A96CDCA-E819-4174-949A-B9B7DC0CA849}"
EndProject
Project("{FAE04EC0-301F-11D3-BF4B-00C04F79EFBC}") = "Products", "API\Products\Products.csproj", "{63480CEF-0B2A-48AE-9D7C-2365275E78B7}"
EndProject
Project("{2150E333-8FDC-42A3-9474-1A3956D46DE8}") = "Shared", "Shared", "{13972C96-BA9C-4E4C-BB6A-1693B0206BF6}"
EndProject
Project("{FAE04EC0-301F-11D3-BF4B-00C04F79EFBC}") = "SharedKernel", "Shared\SharedKernel\SharedKernel.csproj", "{45B1D649-7DDE-42D2-8CF6-9D71827B3651}"
EndProject
Global
	GlobalSection(SolutionConfigurationPlatforms) = preSolution
		Debug|Any CPU = Debug|Any CPU
		Release|Any CPU = Release|Any CPU
	EndGlobalSection
	GlobalSection(ProjectConfigurationPlatforms) = postSolution
		{63480CEF-0B2A-48AE-9D7C-2365275E78B7}.Debug|Any CPU.ActiveCfg = Debug|Any CPU
		{63480CEF-0B2A-48AE-9D7C-2365275E78B7}.Debug|Any CPU.Build.0 = Debug|Any CPU
		{63480CEF-0B2A-48AE-9D7C-2365275E78B7}.Release|Any CPU.ActiveCfg = Release|Any CPU
		{63480CEF-0B2A-48AE-9D7C-2365275E78B7}.Release|Any CPU.Build.0 = Release|Any CPU
		{45B1D649-7DDE-42D2-8CF6-9D71827B3651}.Debug|Any CPU.ActiveCfg = Debug|Any CPU
		{45B1D649-7DDE-42D2-8CF6-9D71827B3651}.Debug|Any CPU.Build.0 = Debug|Any CPU
		{45B1D649-7DDE-42D2-8CF6-9D71827B3651}.Release|Any CPU.ActiveCfg = Release|Any CPU
		{45B1D649-7DDE-42D2-8CF6-9D71827B3651}.Release|Any CPU.Build.0 = Release|Any CPU
	EndGlobalSection
	GlobalSection(SolutionProperties) = preSolution
		HideSolutionNode = FALSE
	EndGlobalSection
	GlobalSection(NestedProjects) = preSolution
		{63480CEF-0B2A-48AE-9D7C-2365275E78B7} = {4A96CDCA-E819-4174-949A-B9B7DC0CA849}
		{45B1D649-7DDE-42D2-8CF6-9D71827B3651} = {13972C96-BA9C-4E4C-BB6A-1693B0206BF6}
	EndGlobalSection
	GlobalSection(ExtensibilityGlobals) = postSolution
		SolutionGuid = {50C9112B-1504-45A9-8EAC-485B04D3EA95}
	EndGlobalSection
EndGlobal
